// !$*UTF8*$!
{
	archiveVersion = 1;
	classes = {
	};
	objectVersion = 55;
	objects = {

/* Begin PBXBuildFile section */
		BA047920287EEC3700194F5F /* LockView.swift in Sources */ = {isa = PBXBuildFile; fileRef = BA04791E287EEC3700194F5F /* LockView.swift */; };
		BA1990DB288A47F800F981FD /* User.swift in Sources */ = {isa = PBXBuildFile; fileRef = BA1990DA288A47F800F981FD /* User.swift */; };
		BA1990DD288A481300F981FD /* ModelExtension.swift in Sources */ = {isa = PBXBuildFile; fileRef = BA1990DC288A481300F981FD /* ModelExtension.swift */; };
		BA1990E0288A59A500F981FD /* Random.swift in Sources */ = {isa = PBXBuildFile; fileRef = BA1990DF288A59A500F981FD /* Random.swift */; };
		BA1990E2288A825400F981FD /* UsersExtension.swift in Sources */ = {isa = PBXBuildFile; fileRef = BA1990E1288A825400F981FD /* UsersExtension.swift */; };
		BA1990E6288A83CC00F981FD /* UserClient.swift in Sources */ = {isa = PBXBuildFile; fileRef = BA1990E5288A83CC00F981FD /* UserClient.swift */; };
		BA1990E8288A853600F981FD /* UserClientLive.swift in Sources */ = {isa = PBXBuildFile; fileRef = BA1990E7288A853600F981FD /* UserClientLive.swift */; };
		BAAF5D2628782B9E00AAAF45 /* CounterView.swift in Sources */ = {isa = PBXBuildFile; fileRef = BAAF5D2528782B9E00AAAF45 /* CounterView.swift */; };
		BAAF5D2828783D6A00AAAF45 /* EditCounterView.swift in Sources */ = {isa = PBXBuildFile; fileRef = BAAF5D2728783D6A00AAAF45 /* EditCounterView.swift */; };
		BAAF5D2C2878483900AAAF45 /* CounterAppTests.swift in Sources */ = {isa = PBXBuildFile; fileRef = BAAF5D2A2878437300AAAF45 /* CounterAppTests.swift */; };
		BAAF5D71287B284100AAAF45 /* CounterAppUITests.swift in Sources */ = {isa = PBXBuildFile; fileRef = BAAF5D6F287B281400AAAF45 /* CounterAppUITests.swift */; };
		BAAF5D83287D79AF00AAAF45 /* RootView.swift in Sources */ = {isa = PBXBuildFile; fileRef = BAAF5D82287D79AF00AAAF45 /* RootView.swift */; };
		BAAF5D85287D7BC300AAAF45 /* CounterCore.swift in Sources */ = {isa = PBXBuildFile; fileRef = BAAF5D84287D7BC300AAAF45 /* CounterCore.swift */; };
		BAAF5D87287D7CE600AAAF45 /* AppCore.swift in Sources */ = {isa = PBXBuildFile; fileRef = BAAF5D86287D7CE600AAAF45 /* AppCore.swift */; };
		BAECCD1A2886A89300C5E751 /* LockCore.swift in Sources */ = {isa = PBXBuildFile; fileRef = BAECCD192886A89300C5E751 /* LockCore.swift */; };
		BAECCD2B2888F47000C5E751 /* AppView.swift in Sources */ = {isa = PBXBuildFile; fileRef = BAECCD2A2888F47000C5E751 /* AppView.swift */; };
		BAECCD2D2888F4DB00C5E751 /* RootCore.swift in Sources */ = {isa = PBXBuildFile; fileRef = BAECCD2C2888F4DB00C5E751 /* RootCore.swift */; };
		BAECCD302888F8B700C5E751 /* CounterClient.swift in Sources */ = {isa = PBXBuildFile; fileRef = BAECCD2F2888F8B700C5E751 /* CounterClient.swift */; };
		BAECCD322888FCC900C5E751 /* CounterClientLive.swift in Sources */ = {isa = PBXBuildFile; fileRef = BAECCD312888FCC900C5E751 /* CounterClientLive.swift */; };
		BAECCD3428890AC700C5E751 /* AppEnvironmentLive.swift in Sources */ = {isa = PBXBuildFile; fileRef = BAECCD3328890AC700C5E751 /* AppEnvironmentLive.swift */; };
		BAECCD3928892FDF00C5E751 /* EditUserView.swift in Sources */ = {isa = PBXBuildFile; fileRef = BAECCD3728892FDF00C5E751 /* EditUserView.swift */; };
		BAECCD3A28892FDF00C5E751 /* EditUserCore.swift in Sources */ = {isa = PBXBuildFile; fileRef = BAECCD3828892FDF00C5E751 /* EditUserCore.swift */; };
		BAECCD412889303B00C5E751 /* UsersView.swift in Sources */ = {isa = PBXBuildFile; fileRef = BAECCD3C2889303A00C5E751 /* UsersView.swift */; };
		BAECCD422889303B00C5E751 /* UsersCore.swift in Sources */ = {isa = PBXBuildFile; fileRef = BAECCD3D2889303A00C5E751 /* UsersCore.swift */; };
		BAECCD432889303B00C5E751 /* UserDetailCore.swift in Sources */ = {isa = PBXBuildFile; fileRef = BAECCD3F2889303A00C5E751 /* UserDetailCore.swift */; };
		BAECCD442889303B00C5E751 /* UserDetailView.swift in Sources */ = {isa = PBXBuildFile; fileRef = BAECCD402889303A00C5E751 /* UserDetailView.swift */; };
		D6D9B813287534FD00FB5FCD /* CounterApp.swift in Sources */ = {isa = PBXBuildFile; fileRef = D6D9B812287534FD00FB5FCD /* CounterApp.swift */; };
		D6D9B817287534FE00FB5FCD /* Assets.xcassets in Resources */ = {isa = PBXBuildFile; fileRef = D6D9B816287534FE00FB5FCD /* Assets.xcassets */; };
		D6D9B81A287534FE00FB5FCD /* Preview Assets.xcassets in Resources */ = {isa = PBXBuildFile; fileRef = D6D9B819287534FE00FB5FCD /* Preview Assets.xcassets */; };
		D6D9B83E287539CC00FB5FCD /* ComposableArchitecture in Frameworks */ = {isa = PBXBuildFile; productRef = D6D9B83D287539CC00FB5FCD /* ComposableArchitecture */; };
/* End PBXBuildFile section */

/* Begin PBXContainerItemProxy section */
		D6D9B820287534FE00FB5FCD /* PBXContainerItemProxy */ = {
			isa = PBXContainerItemProxy;
			containerPortal = D6D9B807287534FD00FB5FCD /* Project object */;
			proxyType = 1;
			remoteGlobalIDString = D6D9B80E287534FD00FB5FCD;
			remoteInfo = CounterApp;
		};
		D6D9B82A287534FE00FB5FCD /* PBXContainerItemProxy */ = {
			isa = PBXContainerItemProxy;
			containerPortal = D6D9B807287534FD00FB5FCD /* Project object */;
			proxyType = 1;
			remoteGlobalIDString = D6D9B80E287534FD00FB5FCD;
			remoteInfo = CounterApp;
		};
/* End PBXContainerItemProxy section */

/* Begin PBXFileReference section */
		BA04791E287EEC3700194F5F /* LockView.swift */ = {isa = PBXFileReference; fileEncoding = 4; lastKnownFileType = sourcecode.swift; path = LockView.swift; sourceTree = "<group>"; };
		BA1990DA288A47F800F981FD /* User.swift */ = {isa = PBXFileReference; lastKnownFileType = sourcecode.swift; path = User.swift; sourceTree = "<group>"; };
		BA1990DC288A481300F981FD /* ModelExtension.swift */ = {isa = PBXFileReference; lastKnownFileType = sourcecode.swift; path = ModelExtension.swift; sourceTree = "<group>"; };
		BA1990DF288A59A500F981FD /* Random.swift */ = {isa = PBXFileReference; lastKnownFileType = sourcecode.swift; path = Random.swift; sourceTree = "<group>"; };
		BA1990E1288A825400F981FD /* UsersExtension.swift */ = {isa = PBXFileReference; lastKnownFileType = sourcecode.swift; path = UsersExtension.swift; sourceTree = "<group>"; };
		BA1990E5288A83CC00F981FD /* UserClient.swift */ = {isa = PBXFileReference; lastKnownFileType = sourcecode.swift; path = UserClient.swift; sourceTree = "<group>"; };
		BA1990E7288A853600F981FD /* UserClientLive.swift */ = {isa = PBXFileReference; lastKnownFileType = sourcecode.swift; path = UserClientLive.swift; sourceTree = "<group>"; };
		BAAF5D2528782B9E00AAAF45 /* CounterView.swift */ = {isa = PBXFileReference; lastKnownFileType = sourcecode.swift; path = CounterView.swift; sourceTree = "<group>"; };
		BAAF5D2728783D6A00AAAF45 /* EditCounterView.swift */ = {isa = PBXFileReference; lastKnownFileType = sourcecode.swift; path = EditCounterView.swift; sourceTree = "<group>"; };
		BAAF5D2A2878437300AAAF45 /* CounterAppTests.swift */ = {isa = PBXFileReference; lastKnownFileType = sourcecode.swift; path = CounterAppTests.swift; sourceTree = "<group>"; };
		BAAF5D6F287B281400AAAF45 /* CounterAppUITests.swift */ = {isa = PBXFileReference; lastKnownFileType = sourcecode.swift; path = CounterAppUITests.swift; sourceTree = "<group>"; };
		BAAF5D82287D79AF00AAAF45 /* RootView.swift */ = {isa = PBXFileReference; lastKnownFileType = sourcecode.swift; path = RootView.swift; sourceTree = "<group>"; };
		BAAF5D84287D7BC300AAAF45 /* CounterCore.swift */ = {isa = PBXFileReference; lastKnownFileType = sourcecode.swift; path = CounterCore.swift; sourceTree = "<group>"; };
		BAAF5D86287D7CE600AAAF45 /* AppCore.swift */ = {isa = PBXFileReference; lastKnownFileType = sourcecode.swift; path = AppCore.swift; sourceTree = "<group>"; };
		BAECCD192886A89300C5E751 /* LockCore.swift */ = {isa = PBXFileReference; lastKnownFileType = sourcecode.swift; path = LockCore.swift; sourceTree = "<group>"; };
		BAECCD2A2888F47000C5E751 /* AppView.swift */ = {isa = PBXFileReference; lastKnownFileType = sourcecode.swift; path = AppView.swift; sourceTree = "<group>"; };
		BAECCD2C2888F4DB00C5E751 /* RootCore.swift */ = {isa = PBXFileReference; lastKnownFileType = sourcecode.swift; path = RootCore.swift; sourceTree = "<group>"; };
		BAECCD2F2888F8B700C5E751 /* CounterClient.swift */ = {isa = PBXFileReference; lastKnownFileType = sourcecode.swift; path = CounterClient.swift; sourceTree = "<group>"; };
		BAECCD312888FCC900C5E751 /* CounterClientLive.swift */ = {isa = PBXFileReference; lastKnownFileType = sourcecode.swift; path = CounterClientLive.swift; sourceTree = "<group>"; };
		BAECCD3328890AC700C5E751 /* AppEnvironmentLive.swift */ = {isa = PBXFileReference; lastKnownFileType = sourcecode.swift; path = AppEnvironmentLive.swift; sourceTree = "<group>"; };
		BAECCD3728892FDF00C5E751 /* EditUserView.swift */ = {isa = PBXFileReference; fileEncoding = 4; lastKnownFileType = sourcecode.swift; path = EditUserView.swift; sourceTree = "<group>"; };
		BAECCD3828892FDF00C5E751 /* EditUserCore.swift */ = {isa = PBXFileReference; fileEncoding = 4; lastKnownFileType = sourcecode.swift; path = EditUserCore.swift; sourceTree = "<group>"; };
		BAECCD3C2889303A00C5E751 /* UsersView.swift */ = {isa = PBXFileReference; fileEncoding = 4; lastKnownFileType = sourcecode.swift; path = UsersView.swift; sourceTree = "<group>"; };
		BAECCD3D2889303A00C5E751 /* UsersCore.swift */ = {isa = PBXFileReference; fileEncoding = 4; lastKnownFileType = sourcecode.swift; path = UsersCore.swift; sourceTree = "<group>"; };
		BAECCD3F2889303A00C5E751 /* UserDetailCore.swift */ = {isa = PBXFileReference; fileEncoding = 4; lastKnownFileType = sourcecode.swift; path = UserDetailCore.swift; sourceTree = "<group>"; };
		BAECCD402889303A00C5E751 /* UserDetailView.swift */ = {isa = PBXFileReference; fileEncoding = 4; lastKnownFileType = sourcecode.swift; path = UserDetailView.swift; sourceTree = "<group>"; };
		D6D9B80F287534FD00FB5FCD /* CounterApp.app */ = {isa = PBXFileReference; explicitFileType = wrapper.application; includeInIndex = 0; path = CounterApp.app; sourceTree = BUILT_PRODUCTS_DIR; };
		D6D9B812287534FD00FB5FCD /* CounterApp.swift */ = {isa = PBXFileReference; lastKnownFileType = sourcecode.swift; path = CounterApp.swift; sourceTree = "<group>"; };
		D6D9B816287534FE00FB5FCD /* Assets.xcassets */ = {isa = PBXFileReference; lastKnownFileType = folder.assetcatalog; path = Assets.xcassets; sourceTree = "<group>"; };
		D6D9B819287534FE00FB5FCD /* Preview Assets.xcassets */ = {isa = PBXFileReference; lastKnownFileType = folder.assetcatalog; path = "Preview Assets.xcassets"; sourceTree = "<group>"; };
		D6D9B81F287534FE00FB5FCD /* CounterAppTests.xctest */ = {isa = PBXFileReference; explicitFileType = wrapper.cfbundle; includeInIndex = 0; path = CounterAppTests.xctest; sourceTree = BUILT_PRODUCTS_DIR; };
		D6D9B829287534FE00FB5FCD /* CounterAppUITests.xctest */ = {isa = PBXFileReference; explicitFileType = wrapper.cfbundle; includeInIndex = 0; path = CounterAppUITests.xctest; sourceTree = BUILT_PRODUCTS_DIR; };
/* End PBXFileReference section */

/* Begin PBXFrameworksBuildPhase section */
		D6D9B80C287534FD00FB5FCD /* Frameworks */ = {
			isa = PBXFrameworksBuildPhase;
			buildActionMask = 2147483647;
			files = (
				D6D9B83E287539CC00FB5FCD /* ComposableArchitecture in Frameworks */,
			);
			runOnlyForDeploymentPostprocessing = 0;
		};
		D6D9B81C287534FE00FB5FCD /* Frameworks */ = {
			isa = PBXFrameworksBuildPhase;
			buildActionMask = 2147483647;
			files = (
			);
			runOnlyForDeploymentPostprocessing = 0;
		};
		D6D9B826287534FE00FB5FCD /* Frameworks */ = {
			isa = PBXFrameworksBuildPhase;
			buildActionMask = 2147483647;
			files = (
			);
			runOnlyForDeploymentPostprocessing = 0;
		};
/* End PBXFrameworksBuildPhase section */

/* Begin PBXGroup section */
		BA04791C287EEC3700194F5F /* Lock */ = {
			isa = PBXGroup;
			children = (
				BA04791E287EEC3700194F5F /* LockView.swift */,
				BAECCD192886A89300C5E751 /* LockCore.swift */,
			);
			path = Lock;
			sourceTree = "<group>";
		};
		BA1990D9288A47EF00F981FD /* Model */ = {
			isa = PBXGroup;
			children = (
				BA1990DA288A47F800F981FD /* User.swift */,
				BA1990DC288A481300F981FD /* ModelExtension.swift */,
			);
			path = Model;
			sourceTree = "<group>";
		};
		BA1990DE288A598F00F981FD /* Utility */ = {
			isa = PBXGroup;
			children = (
				BA1990DF288A59A500F981FD /* Random.swift */,
			);
			path = Utility;
			sourceTree = "<group>";
		};
		BA1990E3288A83A800F981FD /* Counter */ = {
			isa = PBXGroup;
			children = (
				BAECCD2F2888F8B700C5E751 /* CounterClient.swift */,
				BAECCD312888FCC900C5E751 /* CounterClientLive.swift */,
			);
			path = Counter;
			sourceTree = "<group>";
		};
		BA1990E4288A83BA00F981FD /* Users */ = {
			isa = PBXGroup;
			children = (
				BA1990E5288A83CC00F981FD /* UserClient.swift */,
				BA1990E7288A853600F981FD /* UserClientLive.swift */,
			);
			path = Users;
			sourceTree = "<group>";
		};
		BAAF5D292878434400AAAF45 /* Tests */ = {
			isa = PBXGroup;
			children = (
				BAAF5D2A2878437300AAAF45 /* CounterAppTests.swift */,
			);
			path = Tests;
			sourceTree = "<group>";
		};
		BAAF5D6E287B27F400AAAF45 /* UITests */ = {
			isa = PBXGroup;
			children = (
				BAAF5D6F287B281400AAAF45 /* CounterAppUITests.swift */,
			);
			path = UITests;
			sourceTree = "<group>";
		};
		BAAF5D72287C0B3F00AAAF45 /* Counter */ = {
			isa = PBXGroup;
			children = (
				BAAF5D2528782B9E00AAAF45 /* CounterView.swift */,
				BAAF5D84287D7BC300AAAF45 /* CounterCore.swift */,
			);
			path = Counter;
			sourceTree = "<group>";
		};
		BAAF5D74287C0BBC00AAAF45 /* Views */ = {
			isa = PBXGroup;
			children = (
				BAECCD3B2889303A00C5E751 /* User */,
				BAECCD3E2889303A00C5E751 /* UserDetail */,
				BAECCD3628892FDF00C5E751 /* EditUser */,
				BAECCD3528892D3200C5E751 /* EditCounter */,
				BAAF5D88287D7D8100AAAF45 /* App */,
				BA04791C287EEC3700194F5F /* Lock */,
				BAAF5D81287D79A100AAAF45 /* Root */,
				BAAF5D72287C0B3F00AAAF45 /* Counter */,
			);
			path = Views;
			sourceTree = "<group>";
		};
		BAAF5D81287D79A100AAAF45 /* Root */ = {
			isa = PBXGroup;
			children = (
				BAAF5D82287D79AF00AAAF45 /* RootView.swift */,
				BAECCD2C2888F4DB00C5E751 /* RootCore.swift */,
			);
			path = Root;
			sourceTree = "<group>";
		};
		BAAF5D88287D7D8100AAAF45 /* App */ = {
			isa = PBXGroup;
			children = (
				BAAF5D86287D7CE600AAAF45 /* AppCore.swift */,
				BAECCD2A2888F47000C5E751 /* AppView.swift */,
				BAECCD3328890AC700C5E751 /* AppEnvironmentLive.swift */,
			);
			path = App;
			sourceTree = "<group>";
		};
		BAECCD2E2888F89200C5E751 /* Environment */ = {
			isa = PBXGroup;
			children = (
				BA1990E4288A83BA00F981FD /* Users */,
				BA1990E3288A83A800F981FD /* Counter */,
			);
			path = Environment;
			sourceTree = "<group>";
		};
		BAECCD3528892D3200C5E751 /* EditCounter */ = {
			isa = PBXGroup;
			children = (
				BAAF5D2728783D6A00AAAF45 /* EditCounterView.swift */,
			);
			path = EditCounter;
			sourceTree = "<group>";
		};
		BAECCD3628892FDF00C5E751 /* EditUser */ = {
			isa = PBXGroup;
			children = (
				BAECCD3728892FDF00C5E751 /* EditUserView.swift */,
				BAECCD3828892FDF00C5E751 /* EditUserCore.swift */,
			);
			path = EditUser;
			sourceTree = "<group>";
		};
		BAECCD3B2889303A00C5E751 /* User */ = {
			isa = PBXGroup;
			children = (
				BAECCD3C2889303A00C5E751 /* UsersView.swift */,
				BAECCD3D2889303A00C5E751 /* UsersCore.swift */,
				BA1990E1288A825400F981FD /* UsersExtension.swift */,
			);
			path = User;
			sourceTree = "<group>";
		};
		BAECCD3E2889303A00C5E751 /* UserDetail */ = {
			isa = PBXGroup;
			children = (
				BAECCD3F2889303A00C5E751 /* UserDetailCore.swift */,
				BAECCD402889303A00C5E751 /* UserDetailView.swift */,
			);
			path = UserDetail;
			sourceTree = "<group>";
		};
		D6D9B806287534FD00FB5FCD = {
			isa = PBXGroup;
			children = (
				BAAF5D6E287B27F400AAAF45 /* UITests */,
				BAAF5D292878434400AAAF45 /* Tests */,
				D6D9B811287534FD00FB5FCD /* CounterApp */,
				D6D9B810287534FD00FB5FCD /* Products */,
			);
			sourceTree = "<group>";
		};
		D6D9B810287534FD00FB5FCD /* Products */ = {
			isa = PBXGroup;
			children = (
				D6D9B80F287534FD00FB5FCD /* CounterApp.app */,
				D6D9B81F287534FE00FB5FCD /* CounterAppTests.xctest */,
				D6D9B829287534FE00FB5FCD /* CounterAppUITests.xctest */,
			);
			name = Products;
			sourceTree = "<group>";
		};
		D6D9B811287534FD00FB5FCD /* CounterApp */ = {
			isa = PBXGroup;
			children = (
				BA1990DE288A598F00F981FD /* Utility */,
				BA1990D9288A47EF00F981FD /* Model */,
				BAECCD2E2888F89200C5E751 /* Environment */,
				D6D9B812287534FD00FB5FCD /* CounterApp.swift */,
				BAAF5D74287C0BBC00AAAF45 /* Views */,
				D6D9B816287534FE00FB5FCD /* Assets.xcassets */,
				D6D9B818287534FE00FB5FCD /* Preview Content */,
			);
			path = CounterApp;
			sourceTree = "<group>";
		};
		D6D9B818287534FE00FB5FCD /* Preview Content */ = {
			isa = PBXGroup;
			children = (
				D6D9B819287534FE00FB5FCD /* Preview Assets.xcassets */,
			);
			path = "Preview Content";
			sourceTree = "<group>";
		};
/* End PBXGroup section */

/* Begin PBXNativeTarget section */
		D6D9B80E287534FD00FB5FCD /* CounterApp */ = {
			isa = PBXNativeTarget;
			buildConfigurationList = D6D9B833287534FE00FB5FCD /* Build configuration list for PBXNativeTarget "CounterApp" */;
			buildPhases = (
				D6D9B80B287534FD00FB5FCD /* Sources */,
				D6D9B80C287534FD00FB5FCD /* Frameworks */,
				D6D9B80D287534FD00FB5FCD /* Resources */,
			);
			buildRules = (
			);
			dependencies = (
			);
			name = CounterApp;
			packageProductDependencies = (
				D6D9B83D287539CC00FB5FCD /* ComposableArchitecture */,
			);
			productName = CounterApp;
			productReference = D6D9B80F287534FD00FB5FCD /* CounterApp.app */;
			productType = "com.apple.product-type.application";
		};
		D6D9B81E287534FE00FB5FCD /* CounterAppTests */ = {
			isa = PBXNativeTarget;
			buildConfigurationList = D6D9B836287534FE00FB5FCD /* Build configuration list for PBXNativeTarget "CounterAppTests" */;
			buildPhases = (
				D6D9B81B287534FE00FB5FCD /* Sources */,
				D6D9B81C287534FE00FB5FCD /* Frameworks */,
				D6D9B81D287534FE00FB5FCD /* Resources */,
			);
			buildRules = (
			);
			dependencies = (
				D6D9B821287534FE00FB5FCD /* PBXTargetDependency */,
			);
			name = CounterAppTests;
			productName = CounterAppTests;
			productReference = D6D9B81F287534FE00FB5FCD /* CounterAppTests.xctest */;
			productType = "com.apple.product-type.bundle.unit-test";
		};
		D6D9B828287534FE00FB5FCD /* CounterAppUITests */ = {
			isa = PBXNativeTarget;
			buildConfigurationList = D6D9B839287534FE00FB5FCD /* Build configuration list for PBXNativeTarget "CounterAppUITests" */;
			buildPhases = (
				D6D9B825287534FE00FB5FCD /* Sources */,
				D6D9B826287534FE00FB5FCD /* Frameworks */,
				D6D9B827287534FE00FB5FCD /* Resources */,
			);
			buildRules = (
			);
			dependencies = (
				D6D9B82B287534FE00FB5FCD /* PBXTargetDependency */,
			);
			name = CounterAppUITests;
			productName = CounterAppUITests;
			productReference = D6D9B829287534FE00FB5FCD /* CounterAppUITests.xctest */;
			productType = "com.apple.product-type.bundle.ui-testing";
		};
/* End PBXNativeTarget section */

/* Begin PBXProject section */
		D6D9B807287534FD00FB5FCD /* Project object */ = {
			isa = PBXProject;
			attributes = {
				BuildIndependentTargetsInParallel = 1;
				LastSwiftUpdateCheck = 1320;
				LastUpgradeCheck = 1320;
				TargetAttributes = {
					D6D9B80E287534FD00FB5FCD = {
						CreatedOnToolsVersion = 13.2.1;
					};
					D6D9B81E287534FE00FB5FCD = {
						CreatedOnToolsVersion = 13.2.1;
						TestTargetID = D6D9B80E287534FD00FB5FCD;
					};
					D6D9B828287534FE00FB5FCD = {
						CreatedOnToolsVersion = 13.2.1;
						TestTargetID = D6D9B80E287534FD00FB5FCD;
					};
				};
			};
			buildConfigurationList = D6D9B80A287534FD00FB5FCD /* Build configuration list for PBXProject "CounterApp" */;
			compatibilityVersion = "Xcode 13.0";
			developmentRegion = en;
			hasScannedForEncodings = 0;
			knownRegions = (
				en,
				Base,
			);
			mainGroup = D6D9B806287534FD00FB5FCD;
			packageReferences = (
				D6D9B83C287539CC00FB5FCD /* XCRemoteSwiftPackageReference "swift-composable-architecture" */,
			);
			productRefGroup = D6D9B810287534FD00FB5FCD /* Products */;
			projectDirPath = "";
			projectRoot = "";
			targets = (
				D6D9B80E287534FD00FB5FCD /* CounterApp */,
				D6D9B81E287534FE00FB5FCD /* CounterAppTests */,
				D6D9B828287534FE00FB5FCD /* CounterAppUITests */,
			);
		};
/* End PBXProject section */

/* Begin PBXResourcesBuildPhase section */
		D6D9B80D287534FD00FB5FCD /* Resources */ = {
			isa = PBXResourcesBuildPhase;
			buildActionMask = 2147483647;
			files = (
				D6D9B81A287534FE00FB5FCD /* Preview Assets.xcassets in Resources */,
				D6D9B817287534FE00FB5FCD /* Assets.xcassets in Resources */,
			);
			runOnlyForDeploymentPostprocessing = 0;
		};
		D6D9B81D287534FE00FB5FCD /* Resources */ = {
			isa = PBXResourcesBuildPhase;
			buildActionMask = 2147483647;
			files = (
			);
			runOnlyForDeploymentPostprocessing = 0;
		};
		D6D9B827287534FE00FB5FCD /* Resources */ = {
			isa = PBXResourcesBuildPhase;
			buildActionMask = 2147483647;
			files = (
			);
			runOnlyForDeploymentPostprocessing = 0;
		};
/* End PBXResourcesBuildPhase section */

/* Begin PBXSourcesBuildPhase section */
		D6D9B80B287534FD00FB5FCD /* Sources */ = {
			isa = PBXSourcesBuildPhase;
			buildActionMask = 2147483647;
			files = (
				BAECCD442889303B00C5E751 /* UserDetailView.swift in Sources */,
				BA1990E6288A83CC00F981FD /* UserClient.swift in Sources */,
				BA047920287EEC3700194F5F /* LockView.swift in Sources */,
				BAECCD322888FCC900C5E751 /* CounterClientLive.swift in Sources */,
				BAECCD3428890AC700C5E751 /* AppEnvironmentLive.swift in Sources */,
				BAECCD422889303B00C5E751 /* UsersCore.swift in Sources */,
				BA1990E2288A825400F981FD /* UsersExtension.swift in Sources */,
				BAAF5D83287D79AF00AAAF45 /* RootView.swift in Sources */,
				BAECCD302888F8B700C5E751 /* CounterClient.swift in Sources */,
				BAECCD432889303B00C5E751 /* UserDetailCore.swift in Sources */,
				BA1990DB288A47F800F981FD /* User.swift in Sources */,
				BAECCD2B2888F47000C5E751 /* AppView.swift in Sources */,
				BA1990E0288A59A500F981FD /* Random.swift in Sources */,
				BAAF5D87287D7CE600AAAF45 /* AppCore.swift in Sources */,
				BAECCD412889303B00C5E751 /* UsersView.swift in Sources */,
				BA1990DD288A481300F981FD /* ModelExtension.swift in Sources */,
				BAECCD1A2886A89300C5E751 /* LockCore.swift in Sources */,
				BAAF5D2628782B9E00AAAF45 /* CounterView.swift in Sources */,
				BAAF5D2828783D6A00AAAF45 /* EditCounterView.swift in Sources */,
				BAAF5D85287D7BC300AAAF45 /* CounterCore.swift in Sources */,
				BAECCD3928892FDF00C5E751 /* EditUserView.swift in Sources */,
				D6D9B813287534FD00FB5FCD /* CounterApp.swift in Sources */,
				BAECCD2D2888F4DB00C5E751 /* RootCore.swift in Sources */,
				BAECCD3A28892FDF00C5E751 /* EditUserCore.swift in Sources */,
				BA1990E8288A853600F981FD /* UserClientLive.swift in Sources */,
			);
			runOnlyForDeploymentPostprocessing = 0;
		};
		D6D9B81B287534FE00FB5FCD /* Sources */ = {
			isa = PBXSourcesBuildPhase;
			buildActionMask = 2147483647;
			files = (
				BAAF5D2C2878483900AAAF45 /* CounterAppTests.swift in Sources */,
			);
			runOnlyForDeploymentPostprocessing = 0;
		};
		D6D9B825287534FE00FB5FCD /* Sources */ = {
			isa = PBXSourcesBuildPhase;
			buildActionMask = 2147483647;
			files = (
				BAAF5D71287B284100AAAF45 /* CounterAppUITests.swift in Sources */,
			);
			runOnlyForDeploymentPostprocessing = 0;
		};
/* End PBXSourcesBuildPhase section */

/* Begin PBXTargetDependency section */
		D6D9B821287534FE00FB5FCD /* PBXTargetDependency */ = {
			isa = PBXTargetDependency;
			target = D6D9B80E287534FD00FB5FCD /* CounterApp */;
			targetProxy = D6D9B820287534FE00FB5FCD /* PBXContainerItemProxy */;
		};
		D6D9B82B287534FE00FB5FCD /* PBXTargetDependency */ = {
			isa = PBXTargetDependency;
			target = D6D9B80E287534FD00FB5FCD /* CounterApp */;
			targetProxy = D6D9B82A287534FE00FB5FCD /* PBXContainerItemProxy */;
		};
/* End PBXTargetDependency section */

/* Begin XCBuildConfiguration section */
		D6D9B831287534FE00FB5FCD /* Debug */ = {
			isa = XCBuildConfiguration;
			buildSettings = {
				ALWAYS_SEARCH_USER_PATHS = NO;
				CLANG_ANALYZER_NONNULL = YES;
				CLANG_ANALYZER_NUMBER_OBJECT_CONVERSION = YES_AGGRESSIVE;
				CLANG_CXX_LANGUAGE_STANDARD = "gnu++17";
				CLANG_CXX_LIBRARY = "libc++";
				CLANG_ENABLE_MODULES = YES;
				CLANG_ENABLE_OBJC_ARC = YES;
				CLANG_ENABLE_OBJC_WEAK = YES;
				CLANG_WARN_BLOCK_CAPTURE_AUTORELEASING = YES;
				CLANG_WARN_BOOL_CONVERSION = YES;
				CLANG_WARN_COMMA = YES;
				CLANG_WARN_CONSTANT_CONVERSION = YES;
				CLANG_WARN_DEPRECATED_OBJC_IMPLEMENTATIONS = YES;
				CLANG_WARN_DIRECT_OBJC_ISA_USAGE = YES_ERROR;
				CLANG_WARN_DOCUMENTATION_COMMENTS = YES;
				CLANG_WARN_EMPTY_BODY = YES;
				CLANG_WARN_ENUM_CONVERSION = YES;
				CLANG_WARN_INFINITE_RECURSION = YES;
				CLANG_WARN_INT_CONVERSION = YES;
				CLANG_WARN_NON_LITERAL_NULL_CONVERSION = YES;
				CLANG_WARN_OBJC_IMPLICIT_RETAIN_SELF = YES;
				CLANG_WARN_OBJC_LITERAL_CONVERSION = YES;
				CLANG_WARN_OBJC_ROOT_CLASS = YES_ERROR;
				CLANG_WARN_QUOTED_INCLUDE_IN_FRAMEWORK_HEADER = YES;
				CLANG_WARN_RANGE_LOOP_ANALYSIS = YES;
				CLANG_WARN_STRICT_PROTOTYPES = YES;
				CLANG_WARN_SUSPICIOUS_MOVE = YES;
				CLANG_WARN_UNGUARDED_AVAILABILITY = YES_AGGRESSIVE;
				CLANG_WARN_UNREACHABLE_CODE = YES;
				CLANG_WARN__DUPLICATE_METHOD_MATCH = YES;
				COPY_PHASE_STRIP = NO;
				DEBUG_INFORMATION_FORMAT = dwarf;
				ENABLE_STRICT_OBJC_MSGSEND = YES;
				ENABLE_TESTABILITY = YES;
				GCC_C_LANGUAGE_STANDARD = gnu11;
				GCC_DYNAMIC_NO_PIC = NO;
				GCC_NO_COMMON_BLOCKS = YES;
				GCC_OPTIMIZATION_LEVEL = 0;
				GCC_PREPROCESSOR_DEFINITIONS = (
					"DEBUG=1",
					"$(inherited)",
				);
				GCC_WARN_64_TO_32_BIT_CONVERSION = YES;
				GCC_WARN_ABOUT_RETURN_TYPE = YES_ERROR;
				GCC_WARN_UNDECLARED_SELECTOR = YES;
				GCC_WARN_UNINITIALIZED_AUTOS = YES_AGGRESSIVE;
				GCC_WARN_UNUSED_FUNCTION = YES;
				GCC_WARN_UNUSED_VARIABLE = YES;
				IPHONEOS_DEPLOYMENT_TARGET = 15.2;
				MTL_ENABLE_DEBUG_INFO = INCLUDE_SOURCE;
				MTL_FAST_MATH = YES;
				ONLY_ACTIVE_ARCH = YES;
				SDKROOT = iphoneos;
				SWIFT_ACTIVE_COMPILATION_CONDITIONS = DEBUG;
				SWIFT_OPTIMIZATION_LEVEL = "-Onone";
			};
			name = Debug;
		};
		D6D9B832287534FE00FB5FCD /* Release */ = {
			isa = XCBuildConfiguration;
			buildSettings = {
				ALWAYS_SEARCH_USER_PATHS = NO;
				CLANG_ANALYZER_NONNULL = YES;
				CLANG_ANALYZER_NUMBER_OBJECT_CONVERSION = YES_AGGRESSIVE;
				CLANG_CXX_LANGUAGE_STANDARD = "gnu++17";
				CLANG_CXX_LIBRARY = "libc++";
				CLANG_ENABLE_MODULES = YES;
				CLANG_ENABLE_OBJC_ARC = YES;
				CLANG_ENABLE_OBJC_WEAK = YES;
				CLANG_WARN_BLOCK_CAPTURE_AUTORELEASING = YES;
				CLANG_WARN_BOOL_CONVERSION = YES;
				CLANG_WARN_COMMA = YES;
				CLANG_WARN_CONSTANT_CONVERSION = YES;
				CLANG_WARN_DEPRECATED_OBJC_IMPLEMENTATIONS = YES;
				CLANG_WARN_DIRECT_OBJC_ISA_USAGE = YES_ERROR;
				CLANG_WARN_DOCUMENTATION_COMMENTS = YES;
				CLANG_WARN_EMPTY_BODY = YES;
				CLANG_WARN_ENUM_CONVERSION = YES;
				CLANG_WARN_INFINITE_RECURSION = YES;
				CLANG_WARN_INT_CONVERSION = YES;
				CLANG_WARN_NON_LITERAL_NULL_CONVERSION = YES;
				CLANG_WARN_OBJC_IMPLICIT_RETAIN_SELF = YES;
				CLANG_WARN_OBJC_LITERAL_CONVERSION = YES;
				CLANG_WARN_OBJC_ROOT_CLASS = YES_ERROR;
				CLANG_WARN_QUOTED_INCLUDE_IN_FRAMEWORK_HEADER = YES;
				CLANG_WARN_RANGE_LOOP_ANALYSIS = YES;
				CLANG_WARN_STRICT_PROTOTYPES = YES;
				CLANG_WARN_SUSPICIOUS_MOVE = YES;
				CLANG_WARN_UNGUARDED_AVAILABILITY = YES_AGGRESSIVE;
				CLANG_WARN_UNREACHABLE_CODE = YES;
				CLANG_WARN__DUPLICATE_METHOD_MATCH = YES;
				COPY_PHASE_STRIP = NO;
				DEBUG_INFORMATION_FORMAT = "dwarf-with-dsym";
				ENABLE_NS_ASSERTIONS = NO;
				ENABLE_STRICT_OBJC_MSGSEND = YES;
				GCC_C_LANGUAGE_STANDARD = gnu11;
				GCC_NO_COMMON_BLOCKS = YES;
				GCC_WARN_64_TO_32_BIT_CONVERSION = YES;
				GCC_WARN_ABOUT_RETURN_TYPE = YES_ERROR;
				GCC_WARN_UNDECLARED_SELECTOR = YES;
				GCC_WARN_UNINITIALIZED_AUTOS = YES_AGGRESSIVE;
				GCC_WARN_UNUSED_FUNCTION = YES;
				GCC_WARN_UNUSED_VARIABLE = YES;
				IPHONEOS_DEPLOYMENT_TARGET = 15.2;
				MTL_ENABLE_DEBUG_INFO = NO;
				MTL_FAST_MATH = YES;
				SDKROOT = iphoneos;
				SWIFT_COMPILATION_MODE = wholemodule;
				SWIFT_OPTIMIZATION_LEVEL = "-O";
				VALIDATE_PRODUCT = YES;
			};
			name = Release;
		};
		D6D9B834287534FE00FB5FCD /* Debug */ = {
			isa = XCBuildConfiguration;
			buildSettings = {
				ASSETCATALOG_COMPILER_APPICON_NAME = AppIcon;
				ASSETCATALOG_COMPILER_GLOBAL_ACCENT_COLOR_NAME = AccentColor;
				CODE_SIGN_STYLE = Automatic;
				CURRENT_PROJECT_VERSION = 1;
				DEVELOPMENT_ASSET_PATHS = "\"CounterApp/Preview Content\"";
				DEVELOPMENT_TEAM = XJP8XMC8C3;
				ENABLE_PREVIEWS = YES;
				GENERATE_INFOPLIST_FILE = YES;
				INFOPLIST_KEY_UIApplicationSceneManifest_Generation = YES;
				INFOPLIST_KEY_UIApplicationSupportsIndirectInputEvents = YES;
				INFOPLIST_KEY_UILaunchScreen_Generation = YES;
				INFOPLIST_KEY_UISupportedInterfaceOrientations_iPad = "UIInterfaceOrientationPortrait UIInterfaceOrientationPortraitUpsideDown UIInterfaceOrientationLandscapeLeft UIInterfaceOrientationLandscapeRight";
				INFOPLIST_KEY_UISupportedInterfaceOrientations_iPhone = "UIInterfaceOrientationPortrait UIInterfaceOrientationLandscapeLeft UIInterfaceOrientationLandscapeRight";
				LD_RUNPATH_SEARCH_PATHS = (
					"$(inherited)",
					"@executable_path/Frameworks",
				);
				MARKETING_VERSION = 1.0;
				PRODUCT_BUNDLE_IDENTIFIER = com.compass.CounterApp;
				PRODUCT_NAME = "$(TARGET_NAME)";
				SWIFT_EMIT_LOC_STRINGS = YES;
				SWIFT_VERSION = 5.0;
				TARGETED_DEVICE_FAMILY = "1,2";
			};
			name = Debug;
		};
		D6D9B835287534FE00FB5FCD /* Release */ = {
			isa = XCBuildConfiguration;
			buildSettings = {
				ASSETCATALOG_COMPILER_APPICON_NAME = AppIcon;
				ASSETCATALOG_COMPILER_GLOBAL_ACCENT_COLOR_NAME = AccentColor;
				CODE_SIGN_STYLE = Automatic;
				CURRENT_PROJECT_VERSION = 1;
				DEVELOPMENT_ASSET_PATHS = "\"CounterApp/Preview Content\"";
				DEVELOPMENT_TEAM = XJP8XMC8C3;
				ENABLE_PREVIEWS = YES;
				GENERATE_INFOPLIST_FILE = YES;
				INFOPLIST_KEY_UIApplicationSceneManifest_Generation = YES;
				INFOPLIST_KEY_UIApplicationSupportsIndirectInputEvents = YES;
				INFOPLIST_KEY_UILaunchScreen_Generation = YES;
				INFOPLIST_KEY_UISupportedInterfaceOrientations_iPad = "UIInterfaceOrientationPortrait UIInterfaceOrientationPortraitUpsideDown UIInterfaceOrientationLandscapeLeft UIInterfaceOrientationLandscapeRight";
				INFOPLIST_KEY_UISupportedInterfaceOrientations_iPhone = "UIInterfaceOrientationPortrait UIInterfaceOrientationLandscapeLeft UIInterfaceOrientationLandscapeRight";
				LD_RUNPATH_SEARCH_PATHS = (
					"$(inherited)",
					"@executable_path/Frameworks",
				);
				MARKETING_VERSION = 1.0;
				PRODUCT_BUNDLE_IDENTIFIER = com.compass.CounterApp;
				PRODUCT_NAME = "$(TARGET_NAME)";
				SWIFT_EMIT_LOC_STRINGS = YES;
				SWIFT_VERSION = 5.0;
				TARGETED_DEVICE_FAMILY = "1,2";
			};
			name = Release;
		};
		D6D9B837287534FE00FB5FCD /* Debug */ = {
			isa = XCBuildConfiguration;
			buildSettings = {
				ALWAYS_EMBED_SWIFT_STANDARD_LIBRARIES = YES;
				BUNDLE_LOADER = "$(TEST_HOST)";
				CODE_SIGN_STYLE = Automatic;
				CURRENT_PROJECT_VERSION = 1;
				DEVELOPMENT_TEAM = XJP8XMC8C3;
				GENERATE_INFOPLIST_FILE = YES;
				IPHONEOS_DEPLOYMENT_TARGET = 15.2;
				MARKETING_VERSION = 1.0;
				PRODUCT_BUNDLE_IDENTIFIER = com.compass.CounterAppTests;
				PRODUCT_NAME = "$(TARGET_NAME)";
				SWIFT_EMIT_LOC_STRINGS = NO;
				SWIFT_VERSION = 5.0;
				TARGETED_DEVICE_FAMILY = "1,2";
				TEST_HOST = "$(BUILT_PRODUCTS_DIR)/CounterApp.app/CounterApp";
			};
			name = Debug;
		};
		D6D9B838287534FE00FB5FCD /* Release */ = {
			isa = XCBuildConfiguration;
			buildSettings = {
				ALWAYS_EMBED_SWIFT_STANDARD_LIBRARIES = YES;
				BUNDLE_LOADER = "$(TEST_HOST)";
				CODE_SIGN_STYLE = Automatic;
				CURRENT_PROJECT_VERSION = 1;
				DEVELOPMENT_TEAM = XJP8XMC8C3;
				GENERATE_INFOPLIST_FILE = YES;
				IPHONEOS_DEPLOYMENT_TARGET = 15.2;
				MARKETING_VERSION = 1.0;
				PRODUCT_BUNDLE_IDENTIFIER = com.compass.CounterAppTests;
				PRODUCT_NAME = "$(TARGET_NAME)";
				SWIFT_EMIT_LOC_STRINGS = NO;
				SWIFT_VERSION = 5.0;
				TARGETED_DEVICE_FAMILY = "1,2";
				TEST_HOST = "$(BUILT_PRODUCTS_DIR)/CounterApp.app/CounterApp";
			};
			name = Release;
		};
		D6D9B83A287534FE00FB5FCD /* Debug */ = {
			isa = XCBuildConfiguration;
			buildSettings = {
				ALWAYS_EMBED_SWIFT_STANDARD_LIBRARIES = YES;
				CODE_SIGN_STYLE = Automatic;
				CURRENT_PROJECT_VERSION = 1;
				DEVELOPMENT_TEAM = XJP8XMC8C3;
				GENERATE_INFOPLIST_FILE = YES;
				MARKETING_VERSION = 1.0;
				PRODUCT_BUNDLE_IDENTIFIER = com.compass.CounterAppUITests;
				PRODUCT_NAME = "$(TARGET_NAME)";
				SWIFT_EMIT_LOC_STRINGS = NO;
				SWIFT_VERSION = 5.0;
				TARGETED_DEVICE_FAMILY = "1,2";
				TEST_TARGET_NAME = CounterApp;
			};
			name = Debug;
		};
		D6D9B83B287534FE00FB5FCD /* Release */ = {
			isa = XCBuildConfiguration;
			buildSettings = {
				ALWAYS_EMBED_SWIFT_STANDARD_LIBRARIES = YES;
				CODE_SIGN_STYLE = Automatic;
				CURRENT_PROJECT_VERSION = 1;
				DEVELOPMENT_TEAM = XJP8XMC8C3;
				GENERATE_INFOPLIST_FILE = YES;
				MARKETING_VERSION = 1.0;
				PRODUCT_BUNDLE_IDENTIFIER = com.compass.CounterAppUITests;
				PRODUCT_NAME = "$(TARGET_NAME)";
				SWIFT_EMIT_LOC_STRINGS = NO;
				SWIFT_VERSION = 5.0;
				TARGETED_DEVICE_FAMILY = "1,2";
				TEST_TARGET_NAME = CounterApp;
			};
			name = Release;
		};
/* End XCBuildConfiguration section */

/* Begin XCConfigurationList section */
		D6D9B80A287534FD00FB5FCD /* Build configuration list for PBXProject "CounterApp" */ = {
			isa = XCConfigurationList;
			buildConfigurations = (
				D6D9B831287534FE00FB5FCD /* Debug */,
				D6D9B832287534FE00FB5FCD /* Release */,
			);
			defaultConfigurationIsVisible = 0;
			defaultConfigurationName = Release;
		};
		D6D9B833287534FE00FB5FCD /* Build configuration list for PBXNativeTarget "CounterApp" */ = {
			isa = XCConfigurationList;
			buildConfigurations = (
				D6D9B834287534FE00FB5FCD /* Debug */,
				D6D9B835287534FE00FB5FCD /* Release */,
			);
			defaultConfigurationIsVisible = 0;
			defaultConfigurationName = Release;
		};
		D6D9B836287534FE00FB5FCD /* Build configuration list for PBXNativeTarget "CounterAppTests" */ = {
			isa = XCConfigurationList;
			buildConfigurations = (
				D6D9B837287534FE00FB5FCD /* Debug */,
				D6D9B838287534FE00FB5FCD /* Release */,
			);
			defaultConfigurationIsVisible = 0;
			defaultConfigurationName = Release;
		};
		D6D9B839287534FE00FB5FCD /* Build configuration list for PBXNativeTarget "CounterAppUITests" */ = {
			isa = XCConfigurationList;
			buildConfigurations = (
				D6D9B83A287534FE00FB5FCD /* Debug */,
				D6D9B83B287534FE00FB5FCD /* Release */,
			);
			defaultConfigurationIsVisible = 0;
			defaultConfigurationName = Release;
		};
/* End XCConfigurationList section */

/* Begin XCRemoteSwiftPackageReference section */
		D6D9B83C287539CC00FB5FCD /* XCRemoteSwiftPackageReference "swift-composable-architecture" */ = {
			isa = XCRemoteSwiftPackageReference;
			repositoryURL = "https://github.com/pointfreeco/swift-composable-architecture";
			requirement = {
				kind = upToNextMajorVersion;
				minimumVersion = 0.9.0;
			};
		};
/* End XCRemoteSwiftPackageReference section */

/* Begin XCSwiftPackageProductDependency section */
		D6D9B83D287539CC00FB5FCD /* ComposableArchitecture */ = {
			isa = XCSwiftPackageProductDependency;
			package = D6D9B83C287539CC00FB5FCD /* XCRemoteSwiftPackageReference "swift-composable-architecture" */;
			productName = ComposableArchitecture;
		};
/* End XCSwiftPackageProductDependency section */
	};
	rootObject = D6D9B807287534FD00FB5FCD /* Project object */;
}
